
Microsoft Visual Studio Solution File, Format Version 12.00
# Visual Studio Version 17
VisualStudioVersion = 17.6.33829.357
MinimumVisualStudioVersion = 10.0.40219.1
Project("{FAE04EC0-301F-11D3-BF4B-00C04F79EFBC}") = "calizwiwi", "calizwiwi.csproj", "{4016EAF1-7B5F-4D77-B4B3-CA133FB0C017}"
EndProject
Global
	GlobalSection(SolutionConfigurationPlatforms) = preSolution
		Debug|Any CPU = Debug|Any CPU
		Release|Any CPU = Release|Any CPU
	EndGlobalSection
	GlobalSection(ProjectConfigurationPlatforms) = postSolution
		{4016EAF1-7B5F-4D77-B4B3-CA133FB0C017}.Debug|Any CPU.ActiveCfg = Debug|Any CPU
		{4016EAF1-7B5F-4D77-B4B3-CA133FB0C017}.Debug|Any CPU.Build.0 = Debug|Any CPU
		{4016EAF1-7B5F-4D77-B4B3-CA133FB0C017}.Release|Any CPU.ActiveCfg = Release|Any CPU
		{4016EAF1-7B5F-4D77-B4B3-CA133FB0C017}.Release|Any CPU.Build.0 = Release|Any CPU
	EndGlobalSection
	GlobalSection(SolutionProperties) = preSolution
		HideSolutionNode = FALSE
	EndGlobalSection
	GlobalSection(ExtensibilityGlobals) = postSolution
		SolutionGuid = {1770327E-2E14-4F82-8316-3A8156C996AE}
	EndGlobalSection
EndGlobal
